
Microsoft Visual Studio Solution File, Format Version 12.00
# Visual Studio 14
VisualStudioVersion = 14.0.25420.1
MinimumVisualStudioVersion = 10.0.40219.1
Project("{FAE04EC0-301F-11D3-BF4B-00C04F79EFBC}") = "Herencia", "Herencia\Herencia.csproj", "{0F4DF57E-C959-48DF-9F54-66D6CDF8A543}"
EndProject
Project("{FAE04EC0-301F-11D3-BF4B-00C04F79EFBC}") = "Principal", "Principal\Principal.csproj", "{D486CF9F-B693-40BC-B23B-8F06438C67DF}"
EndProject
Global
	GlobalSection(SolutionConfigurationPlatforms) = preSolution
		Debug|Any CPU = Debug|Any CPU
		Release|Any CPU = Release|Any CPU
	EndGlobalSection
	GlobalSection(ProjectConfigurationPlatforms) = postSolution
		{0F4DF57E-C959-48DF-9F54-66D6CDF8A543}.Debug|Any CPU.ActiveCfg = Debug|Any CPU
		{0F4DF57E-C959-48DF-9F54-66D6CDF8A543}.Debug|Any CPU.Build.0 = Debug|Any CPU
		{0F4DF57E-C959-48DF-9F54-66D6CDF8A543}.Release|Any CPU.ActiveCfg = Release|Any CPU
		{0F4DF57E-C959-48DF-9F54-66D6CDF8A543}.Release|Any CPU.Build.0 = Release|Any CPU
		{D486CF9F-B693-40BC-B23B-8F06438C67DF}.Debug|Any CPU.ActiveCfg = Debug|Any CPU
		{D486CF9F-B693-40BC-B23B-8F06438C67DF}.Debug|Any CPU.Build.0 = Debug|Any CPU
		{D486CF9F-B693-40BC-B23B-8F06438C67DF}.Release|Any CPU.ActiveCfg = Release|Any CPU
		{D486CF9F-B693-40BC-B23B-8F06438C67DF}.Release|Any CPU.Build.0 = Release|Any CPU
	EndGlobalSection
	GlobalSection(SolutionProperties) = preSolution
		HideSolutionNode = FALSE
	EndGlobalSection
EndGlobal
